
Microsoft Visual Studio Solution File, Format Version 12.00
# Visual Studio 15
VisualStudioVersion = 15.0.28307.645
MinimumVisualStudioVersion = 10.0.40219.1
Project("{FAE04EC0-301F-11D3-BF4B-00C04F79EFBC}") = "EchoServerSocket", "EchoServerSocket\EchoServerSocket.csproj", "{6EE2135D-C301-4E64-B7C9-BD9A7E313A22}"
EndProject
Project("{FAE04EC0-301F-11D3-BF4B-00C04F79EFBC}") = "EchoClient", "EchoClient\EchoClient.csproj", "{0E674943-2002-49BC-9EDB-53DF746AFCF6}"
EndProject
Project("{FAE04EC0-301F-11D3-BF4B-00C04F79EFBC}") = "ServerTest", "ServerTest\ServerTest.csproj", "{634AE78E-30B3-4A42-8106-2E4714D67B4C}"
EndProject
Project("{FAE04EC0-301F-11D3-BF4B-00C04F79EFBC}") = "Delegate", "Delegate\Delegate.csproj", "{EB07E3FA-7B95-4C90-B65C-9D6E4961AAA8}"
EndProject
Global
	GlobalSection(SolutionConfigurationPlatforms) = preSolution
		Debug|Any CPU = Debug|Any CPU
		Release|Any CPU = Release|Any CPU
	EndGlobalSection
	GlobalSection(ProjectConfigurationPlatforms) = postSolution
		{6EE2135D-C301-4E64-B7C9-BD9A7E313A22}.Debug|Any CPU.ActiveCfg = Debug|Any CPU
		{6EE2135D-C301-4E64-B7C9-BD9A7E313A22}.Debug|Any CPU.Build.0 = Debug|Any CPU
		{6EE2135D-C301-4E64-B7C9-BD9A7E313A22}.Release|Any CPU.ActiveCfg = Release|Any CPU
		{6EE2135D-C301-4E64-B7C9-BD9A7E313A22}.Release|Any CPU.Build.0 = Release|Any CPU
		{0E674943-2002-49BC-9EDB-53DF746AFCF6}.Debug|Any CPU.ActiveCfg = Debug|Any CPU
		{0E674943-2002-49BC-9EDB-53DF746AFCF6}.Debug|Any CPU.Build.0 = Debug|Any CPU
		{0E674943-2002-49BC-9EDB-53DF746AFCF6}.Release|Any CPU.ActiveCfg = Release|Any CPU
		{0E674943-2002-49BC-9EDB-53DF746AFCF6}.Release|Any CPU.Build.0 = Release|Any CPU
		{634AE78E-30B3-4A42-8106-2E4714D67B4C}.Debug|Any CPU.ActiveCfg = Debug|Any CPU
		{634AE78E-30B3-4A42-8106-2E4714D67B4C}.Debug|Any CPU.Build.0 = Debug|Any CPU
		{634AE78E-30B3-4A42-8106-2E4714D67B4C}.Release|Any CPU.ActiveCfg = Release|Any CPU
		{634AE78E-30B3-4A42-8106-2E4714D67B4C}.Release|Any CPU.Build.0 = Release|Any CPU
		{EB07E3FA-7B95-4C90-B65C-9D6E4961AAA8}.Debug|Any CPU.ActiveCfg = Debug|Any CPU
		{EB07E3FA-7B95-4C90-B65C-9D6E4961AAA8}.Debug|Any CPU.Build.0 = Debug|Any CPU
		{EB07E3FA-7B95-4C90-B65C-9D6E4961AAA8}.Release|Any CPU.ActiveCfg = Release|Any CPU
		{EB07E3FA-7B95-4C90-B65C-9D6E4961AAA8}.Release|Any CPU.Build.0 = Release|Any CPU
	EndGlobalSection
	GlobalSection(SolutionProperties) = preSolution
		HideSolutionNode = FALSE
	EndGlobalSection
	GlobalSection(ExtensibilityGlobals) = postSolution
		SolutionGuid = {8E843207-BE41-41E8-BC46-479FB04437F3}
	EndGlobalSection
EndGlobal
